# This file was autogenerated by Stack.
# You should not edit this file by hand.
# For more information, please see the documentation at:
#   https://docs.haskellstack.org/en/stable/lock_files

packages:
- completed:
    hackage: lens-regex-pcre-1.1.0.0@sha256:a6053fefae59f6b53b4741e5a75c5fae350af80dbf62e8673b565e1c3f34f8b9,2209
    pantry-tree:
      size: 630
      sha256: 84a02d84433d92c5e2a9a7bfd662244be607b4004c7d4d6fd1ba53adbc655022
  original:
    hackage: lens-regex-pcre-1.1.0.0@sha256:a6053fefae59f6b53b4741e5a75c5fae350af80dbf62e8673b565e1c3f34f8b9,2209
- completed:
    hackage: search-algorithms-0.3.1@sha256:83d487688e79f7d354a638d893364cd34cb01352cac9281734c27ee640e31925,1825
    pantry-tree:
      size: 450
      sha256: 1e007eb17329ea5b2bf9efc801fc8d2daa97040d19db4b8274b4743ee145df8b
  original:
    hackage: search-algorithms-0.3.1@sha256:83d487688e79f7d354a638d893364cd34cb01352cac9281734c27ee640e31925,1825
- completed:
    hackage: sgd-0.8.0.3@sha256:1afe2ee01c09029c023d79cbc729e839adf9ab3193dfa1021f3134140f90b121,2606
    pantry-tree:
      size: 1044
      sha256: a5dea8ad857b32d9c106d8904746095dcfb9a4ca58f068dfd39e0879757b5b92
  original:
    hackage: sgd-0.8.0.3@sha256:1afe2ee01c09029c023d79cbc729e839adf9ab3193dfa1021f3134140f90b121,2606
- completed:
    hackage: pcre-heavy-1.0.0.2@sha256:9a86bfc36aea455f0e51c4ef533b362c7252c876a06a88f38852c5d9f9cbf792,1628
    pantry-tree:
      size: 340
      sha256: 6b44e7183ca9ec2263ac019a82aaee1c80125a4523399a389b4f61ee654d35ad
  original:
    hackage: pcre-heavy-1.0.0.2@sha256:9a86bfc36aea455f0e51c4ef533b362c7252c876a06a88f38852c5d9f9cbf792,1628
- completed:
    hackage: primitive-0.6.4.0@sha256:5b6a2c3cc70a35aabd4565fcb9bb1dd78fe2814a36e62428a9a1aae8c32441a1,2079
    pantry-tree:
      size: 1517
      sha256: 5d5e591311664886e88ade3da6880c32adf0d1fe80c55f40a3c93bb91df8fdeb
  original:
    hackage: primitive-0.6.4.0@sha256:5b6a2c3cc70a35aabd4565fcb9bb1dd78fe2814a36e62428a9a1aae8c32441a1,2079
- completed:
    hackage: memoize-0.8.1@sha256:2146197c639c126796d850cb4457b24cfeb6966d6d878825f855aafce31f8874,1601
    pantry-tree:
      size: 473
      sha256: 598188857937054d2cc4ac91aee580944d750e91120756507891d09e02056066
  original:
    hackage: memoize-0.8.1@sha256:2146197c639c126796d850cb4457b24cfeb6966d6d878825f855aafce31f8874,1601
snapshots:
- completed:
    size: 525662
    url: https://raw.githubusercontent.com/commercialhaskell/stackage-snapshots/master/lts/14/15.yaml
    sha256: c5e673e5723931b64ef2eb5004f6d9ea3c95b58d48388dbc4de6f66b97c81f7a
  original: lts-14.15
